
Microsoft Visual Studio Solution File, Format Version 12.00
# Visual Studio Version 17
VisualStudioVersion = 17.5.33627.172
MinimumVisualStudioVersion = 10.0.40219.1
Project("{9A19103F-16F7-4668-BE54-9A1E7A4F7556}") = "ConsoleAppTest", "ConsoleAppTest\ConsoleAppTest.csproj", "{04C06BAB-B516-4D35-8D76-5B45DCDD4366}"
EndProject
Project("{9A19103F-16F7-4668-BE54-9A1E7A4F7556}") = "WebApplicationTest", "WebApplicationTest\WebApplicationTest.csproj", "{80124A39-A510-4EFF-91F1-5CF6C82D1817}"
EndProject
Project("{9A19103F-16F7-4668-BE54-9A1E7A4F7556}") = "TaskAndThread", "TaskAndThread\TaskAndThread.csproj", "{B6E8B8AB-703A-4CC3-8CD9-18A951D13CCF}"
EndProject
Project("{9A19103F-16F7-4668-BE54-9A1E7A4F7556}") = "WebApplicationTest2", "WebApplicationTest2\WebApplicationTest2.csproj", "{7819E03A-C123-45E9-92BF-7EBA5A67C4B1}"
EndProject
Project("{9A19103F-16F7-4668-BE54-9A1E7A4F7556}") = "Performance", "Performance\Performance.csproj", "{B03064CB-F5CB-48A4-89E6-48A9425B4E5E}"
EndProject
Project("{9A19103F-16F7-4668-BE54-9A1E7A4F7556}") = "TotpDemo", "TotpDemo\TotpDemo.csproj", "{8847EED1-FCC9-4B0F-84B7-CA5C77891F08}"
EndProject
Project("{9A19103F-16F7-4668-BE54-9A1E7A4F7556}") = "HandleExceptions", "HandleExceptions\HandleExceptions.csproj", "{EB38562D-5D73-46ED-ABB6-BCAAC26D9BF6}"
EndProject
Project("{2150E333-8FDC-42A3-9474-1A3956D46DE8}") = "Solution Items", "Solution Items", "{FF070997-1757-41D5-B912-E5EA9243A572}"
EndProject
Project("{9A19103F-16F7-4668-BE54-9A1E7A4F7556}") = "DemoUnitTest", "DemoUnitTest\DemoUnitTest.csproj", "{71A2B8AF-6F58-400D-84E0-2E29EDBDD7A3}"
EndProject
Project("{9A19103F-16F7-4668-BE54-9A1E7A4F7556}") = "DemoUnitTest.Tests", "DemoUnitTest.Tests\DemoUnitTest.Tests.csproj", "{6AD49DF1-71B5-4FA1-A472-E278CFE80E8C}"
EndProject
Project("{FAE04EC0-301F-11D3-BF4B-00C04F79EFBC}") = "DemoMinIO", "DemoMinIO\DemoMinIO.csproj", "{56AA7B39-6F08-4E0F-893F-C53D443B0438}"
EndProject
Global
	GlobalSection(SolutionConfigurationPlatforms) = preSolution
		Debug|Any CPU = Debug|Any CPU
		Release|Any CPU = Release|Any CPU
	EndGlobalSection
	GlobalSection(ProjectConfigurationPlatforms) = postSolution
		{04C06BAB-B516-4D35-8D76-5B45DCDD4366}.Debug|Any CPU.ActiveCfg = Debug|Any CPU
		{04C06BAB-B516-4D35-8D76-5B45DCDD4366}.Debug|Any CPU.Build.0 = Debug|Any CPU
		{04C06BAB-B516-4D35-8D76-5B45DCDD4366}.Release|Any CPU.ActiveCfg = Release|Any CPU
		{04C06BAB-B516-4D35-8D76-5B45DCDD4366}.Release|Any CPU.Build.0 = Release|Any CPU
		{80124A39-A510-4EFF-91F1-5CF6C82D1817}.Debug|Any CPU.ActiveCfg = Debug|Any CPU
		{80124A39-A510-4EFF-91F1-5CF6C82D1817}.Debug|Any CPU.Build.0 = Debug|Any CPU
		{80124A39-A510-4EFF-91F1-5CF6C82D1817}.Release|Any CPU.ActiveCfg = Release|Any CPU
		{80124A39-A510-4EFF-91F1-5CF6C82D1817}.Release|Any CPU.Build.0 = Release|Any CPU
		{B6E8B8AB-703A-4CC3-8CD9-18A951D13CCF}.Debug|Any CPU.ActiveCfg = Debug|Any CPU
		{B6E8B8AB-703A-4CC3-8CD9-18A951D13CCF}.Debug|Any CPU.Build.0 = Debug|Any CPU
		{B6E8B8AB-703A-4CC3-8CD9-18A951D13CCF}.Release|Any CPU.ActiveCfg = Release|Any CPU
		{B6E8B8AB-703A-4CC3-8CD9-18A951D13CCF}.Release|Any CPU.Build.0 = Release|Any CPU
		{7819E03A-C123-45E9-92BF-7EBA5A67C4B1}.Debug|Any CPU.ActiveCfg = Debug|Any CPU
		{7819E03A-C123-45E9-92BF-7EBA5A67C4B1}.Debug|Any CPU.Build.0 = Debug|Any CPU
		{7819E03A-C123-45E9-92BF-7EBA5A67C4B1}.Release|Any CPU.ActiveCfg = Release|Any CPU
		{7819E03A-C123-45E9-92BF-7EBA5A67C4B1}.Release|Any CPU.Build.0 = Release|Any CPU
		{B03064CB-F5CB-48A4-89E6-48A9425B4E5E}.Debug|Any CPU.ActiveCfg = Debug|Any CPU
		{B03064CB-F5CB-48A4-89E6-48A9425B4E5E}.Debug|Any CPU.Build.0 = Debug|Any CPU
		{B03064CB-F5CB-48A4-89E6-48A9425B4E5E}.Release|Any CPU.ActiveCfg = Release|Any CPU
		{B03064CB-F5CB-48A4-89E6-48A9425B4E5E}.Release|Any CPU.Build.0 = Release|Any CPU
		{8847EED1-FCC9-4B0F-84B7-CA5C77891F08}.Debug|Any CPU.ActiveCfg = Debug|Any CPU
		{8847EED1-FCC9-4B0F-84B7-CA5C77891F08}.Debug|Any CPU.Build.0 = Debug|Any CPU
		{8847EED1-FCC9-4B0F-84B7-CA5C77891F08}.Release|Any CPU.ActiveCfg = Release|Any CPU
		{8847EED1-FCC9-4B0F-84B7-CA5C77891F08}.Release|Any CPU.Build.0 = Release|Any CPU
		{EB38562D-5D73-46ED-ABB6-BCAAC26D9BF6}.Debug|Any CPU.ActiveCfg = Debug|Any CPU
		{EB38562D-5D73-46ED-ABB6-BCAAC26D9BF6}.Debug|Any CPU.Build.0 = Debug|Any CPU
		{EB38562D-5D73-46ED-ABB6-BCAAC26D9BF6}.Release|Any CPU.ActiveCfg = Release|Any CPU
		{EB38562D-5D73-46ED-ABB6-BCAAC26D9BF6}.Release|Any CPU.Build.0 = Release|Any CPU
		{71A2B8AF-6F58-400D-84E0-2E29EDBDD7A3}.Debug|Any CPU.ActiveCfg = Debug|Any CPU
		{71A2B8AF-6F58-400D-84E0-2E29EDBDD7A3}.Debug|Any CPU.Build.0 = Debug|Any CPU
		{71A2B8AF-6F58-400D-84E0-2E29EDBDD7A3}.Release|Any CPU.ActiveCfg = Release|Any CPU
		{71A2B8AF-6F58-400D-84E0-2E29EDBDD7A3}.Release|Any CPU.Build.0 = Release|Any CPU
		{6AD49DF1-71B5-4FA1-A472-E278CFE80E8C}.Debug|Any CPU.ActiveCfg = Debug|Any CPU
		{6AD49DF1-71B5-4FA1-A472-E278CFE80E8C}.Debug|Any CPU.Build.0 = Debug|Any CPU
		{6AD49DF1-71B5-4FA1-A472-E278CFE80E8C}.Release|Any CPU.ActiveCfg = Release|Any CPU
		{6AD49DF1-71B5-4FA1-A472-E278CFE80E8C}.Release|Any CPU.Build.0 = Release|Any CPU
		{56AA7B39-6F08-4E0F-893F-C53D443B0438}.Debug|Any CPU.ActiveCfg = Debug|Any CPU
		{56AA7B39-6F08-4E0F-893F-C53D443B0438}.Debug|Any CPU.Build.0 = Debug|Any CPU
		{56AA7B39-6F08-4E0F-893F-C53D443B0438}.Release|Any CPU.ActiveCfg = Release|Any CPU
		{56AA7B39-6F08-4E0F-893F-C53D443B0438}.Release|Any CPU.Build.0 = Release|Any CPU
	EndGlobalSection
	GlobalSection(SolutionProperties) = preSolution
		HideSolutionNode = FALSE
	EndGlobalSection
	GlobalSection(ExtensibilityGlobals) = postSolution
		SolutionGuid = {9EC10154-314F-4634-8F24-19DCE08E95A6}
	EndGlobalSection
EndGlobal
